// !$*UTF8*$!
{
	archiveVersion = 1;
	classes = {
	};
	objectVersion = 46;
	objects = {

/* Begin PBXBuildFile section */
		A321A6C91CA3FAE7009704FF /* mypopen.c in Sources */ = {isa = PBXBuildFile; fileRef = A321A6C81CA3FAE7009704FF /* mypopen.c */; };
		A32D6FC71CBC0A0F0064D1AA /* libpopentest.a in Frameworks */ = {isa = PBXBuildFile; fileRef = A32D6FC61CBC0A0F0064D1AA /* libpopentest.a */; };
/* End PBXBuildFile section */

/* Begin PBXCopyFilesBuildPhase section */
		A321A6BC1CA3FAB4009704FF /* CopyFiles */ = {
			isa = PBXCopyFilesBuildPhase;
			buildActionMask = 2147483647;
			dstPath = /usr/share/man/man1/;
			dstSubfolderSpec = 0;
			files = (
			);
			runOnlyForDeploymentPostprocessing = 1;
		};
/* End PBXCopyFilesBuildPhase section */

/* Begin PBXFileReference section */
		A321A6BE1CA3FAB4009704FF /* popen_pclose */ = {isa = PBXFileReference; explicitFileType = "compiled.mach-o.executable"; includeInIndex = 0; path = popen_pclose; sourceTree = BUILT_PRODUCTS_DIR; };
		A321A6C81CA3FAE7009704FF /* mypopen.c */ = {isa = PBXFileReference; fileEncoding = 4; lastKnownFileType = sourcecode.c.c; name = mypopen.c; path = ../../mypopen.c; sourceTree = "<group>"; };
		A32D6FC61CBC0A0F0064D1AA /* libpopentest.a */ = {isa = PBXFileReference; lastKnownFileType = archive.ar; name = libpopentest.a; path = /Users/gerhard/Documents/FH/2.Semester/BETRIEBSSYSTEME/BETRIEBSSYSTEME_BSP2/popen_pclose/../libpopentest.a; sourceTree = "<absolute>"; };
		A37CACA21CC36B3D00C7EB6C /* mypopen.h */ = {isa = PBXFileReference; fileEncoding = 4; lastKnownFileType = sourcecode.c.h; name = mypopen.h; path = ../../mypopen.h; sourceTree = "<group>"; };
/* End PBXFileReference section */

/* Begin PBXFrameworksBuildPhase section */
		A321A6BB1CA3FAB4009704FF /* Frameworks */ = {
			isa = PBXFrameworksBuildPhase;
			buildActionMask = 2147483647;
			files = (
				A32D6FC71CBC0A0F0064D1AA /* libpopentest.a in Frameworks */,
			);
			runOnlyForDeploymentPostprocessing = 0;
		};
/* End PBXFrameworksBuildPhase section */

/* Begin PBXGroup section */
		A321A6B51CA3FAB4009704FF = {
			isa = PBXGroup;
			children = (
				A321A6C01CA3FAB4009704FF /* popen_pclose */,
				A321A6BF1CA3FAB4009704FF /* Products */,
			);
			sourceTree = "<group>";
		};
		A321A6BF1CA3FAB4009704FF /* Products */ = {
			isa = PBXGroup;
			children = (
				A321A6BE1CA3FAB4009704FF /* popen_pclose */,
			);
			name = Products;
			sourceTree = "<group>";
		};
		A321A6C01CA3FAB4009704FF /* popen_pclose */ = {
			isa = PBXGroup;
			children = (
				A37CACA21CC36B3D00C7EB6C /* mypopen.h */,
				A32D6FC61CBC0A0F0064D1AA /* libpopentest.a */,
				A321A6C81CA3FAE7009704FF /* mypopen.c */,
			);
			path = popen_pclose;
			sourceTree = "<group>";
		};
/* End PBXGroup section */

/* Begin PBXNativeTarget section */
		A321A6BD1CA3FAB4009704FF /* popen_pclose */ = {
			isa = PBXNativeTarget;
			buildConfigurationList = A321A6C51CA3FAB4009704FF /* Build configuration list for PBXNativeTarget "popen_pclose" */;
			buildPhases = (
				A321A6BA1CA3FAB4009704FF /* Sources */,
				A321A6BB1CA3FAB4009704FF /* Frameworks */,
				A321A6BC1CA3FAB4009704FF /* CopyFiles */,
			);
			buildRules = (
			);
			dependencies = (
			);
			name = popen_pclose;
			productName = popen_pclose;
			productReference = A321A6BE1CA3FAB4009704FF /* popen_pclose */;
			productType = "com.apple.product-type.tool";
		};
/* End PBXNativeTarget section */

/* Begin PBXProject section */
		A321A6B61CA3FAB4009704FF /* Project object */ = {
			isa = PBXProject;
			attributes = {
				LastUpgradeCheck = 0720;
				ORGANIZATIONNAME = KaMiGeKaMuSa;
				TargetAttributes = {
					A321A6BD1CA3FAB4009704FF = {
						CreatedOnToolsVersion = 7.2.1;
					};
				};
			};
			buildConfigurationList = A321A6B91CA3FAB4009704FF /* Build configuration list for PBXProject "popen_pclose" */;
			compatibilityVersion = "Xcode 3.2";
			developmentRegion = English;
			hasScannedForEncodings = 0;
			knownRegions = (
				en,
			);
			mainGroup = A321A6B51CA3FAB4009704FF;
			productRefGroup = A321A6BF1CA3FAB4009704FF /* Products */;
			projectDirPath = "";
			projectRoot = "";
			targets = (
				A321A6BD1CA3FAB4009704FF /* popen_pclose */,
			);
		};
/* End PBXProject section */

/* Begin PBXSourcesBuildPhase section */
		A321A6BA1CA3FAB4009704FF /* Sources */ = {
			isa = PBXSourcesBuildPhase;
			buildActionMask = 2147483647;
			files = (
				A321A6C91CA3FAE7009704FF /* mypopen.c in Sources */,
			);
			runOnlyForDeploymentPostprocessing = 0;
		};
/* End PBXSourcesBuildPhase section */

/* Begin XCBuildConfiguration section */
		A321A6C31CA3FAB4009704FF /* Debug */ = {
			isa = XCBuildConfiguration;
			buildSettings = {
				ALWAYS_SEARCH_USER_PATHS = NO;
				CLANG_CXX_LANGUAGE_STANDARD = "gnu++0x";
				CLANG_CXX_LIBRARY = "libc++";
				CLANG_ENABLE_MODULES = YES;
				CLANG_ENABLE_OBJC_ARC = YES;
				CLANG_WARN_BOOL_CONVERSION = YES;
				CLANG_WARN_CONSTANT_CONVERSION = YES;
				CLANG_WARN_DIRECT_OBJC_ISA_USAGE = YES_ERROR;
				CLANG_WARN_EMPTY_BODY = YES;
				CLANG_WARN_ENUM_CONVERSION = YES;
				CLANG_WARN_INT_CONVERSION = YES;
				CLANG_WARN_OBJC_ROOT_CLASS = YES_ERROR;
				CLANG_WARN_UNREACHABLE_CODE = YES;
				CLANG_WARN__DUPLICATE_METHOD_MATCH = YES;
				CODE_SIGN_IDENTITY = "-";
				COPY_PHASE_STRIP = NO;
				DEBUG_INFORMATION_FORMAT = dwarf;
				ENABLE_STRICT_OBJC_MSGSEND = YES;
				ENABLE_TESTABILITY = YES;
				GCC_C_LANGUAGE_STANDARD = gnu99;
				GCC_DYNAMIC_NO_PIC = NO;
				GCC_NO_COMMON_BLOCKS = YES;
				GCC_OPTIMIZATION_LEVEL = 0;
				GCC_PREPROCESSOR_DEFINITIONS = (
					"DEBUG=1",
					"$(inherited)",
				);
				GCC_WARN_64_TO_32_BIT_CONVERSION = YES;
				GCC_WARN_ABOUT_RETURN_TYPE = YES_ERROR;
				GCC_WARN_UNDECLARED_SELECTOR = YES;
				GCC_WARN_UNINITIALIZED_AUTOS = YES_AGGRESSIVE;
				GCC_WARN_UNUSED_FUNCTION = YES;
				GCC_WARN_UNUSED_VARIABLE = YES;
				MACOSX_DEPLOYMENT_TARGET = 10.11;
				MTL_ENABLE_DEBUG_INFO = YES;
				ONLY_ACTIVE_ARCH = YES;
				SDKROOT = macosx;
			};
			name = Debug;
		};
		A321A6C41CA3FAB4009704FF /* Release */ = {
			isa = XCBuildConfiguration;
			buildSettings = {
				ALWAYS_SEARCH_USER_PATHS = NO;
				CLANG_CXX_LANGUAGE_STANDARD = "gnu++0x";
				CLANG_CXX_LIBRARY = "libc++";
				CLANG_ENABLE_MODULES = YES;
				CLANG_ENABLE_OBJC_ARC = YES;
				CLANG_WARN_BOOL_CONVERSION = YES;
				CLANG_WARN_CONSTANT_CONVERSION = YES;
				CLANG_WARN_DIRECT_OBJC_ISA_USAGE = YES_ERROR;
				CLANG_WARN_EMPTY_BODY = YES;
				CLANG_WARN_ENUM_CONVERSION = YES;
				CLANG_WARN_INT_CONVERSION = YES;
				CLANG_WARN_OBJC_ROOT_CLASS = YES_ERROR;
				CLANG_WARN_UNREACHABLE_CODE = YES;
				CLANG_WARN__DUPLICATE_METHOD_MATCH = YES;
				CODE_SIGN_IDENTITY = "-";
				COPY_PHASE_STRIP = NO;
				DEBUG_INFORMATION_FORMAT = "dwarf-with-dsym";
				ENABLE_NS_ASSERTIONS = NO;
				ENABLE_STRICT_OBJC_MSGSEND = YES;
				GCC_C_LANGUAGE_STANDARD = gnu99;
				GCC_NO_COMMON_BLOCKS = YES;
				GCC_WARN_64_TO_32_BIT_CONVERSION = YES;
				GCC_WARN_ABOUT_RETURN_TYPE = YES_ERROR;
				GCC_WARN_UNDECLARED_SELECTOR = YES;
				GCC_WARN_UNINITIALIZED_AUTOS = YES_AGGRESSIVE;
				GCC_WARN_UNUSED_FUNCTION = YES;
				GCC_WARN_UNUSED_VARIABLE = YES;
				MACOSX_DEPLOYMENT_TARGET = 10.11;
				MTL_ENABLE_DEBUG_INFO = NO;
				SDKROOT = macosx;
			};
			name = Release;
		};
		A321A6C61CA3FAB4009704FF /* Debug */ = {
			isa = XCBuildConfiguration;
			buildSettings = {
				PRODUCT_NAME = "$(TARGET_NAME)";
			};
			name = Debug;
		};
		A321A6C71CA3FAB4009704FF /* Release */ = {
			isa = XCBuildConfiguration;
			buildSettings = {
				PRODUCT_NAME = "$(TARGET_NAME)";
			};
			name = Release;
		};
/* End XCBuildConfiguration section */

/* Begin XCConfigurationList section */
		A321A6B91CA3FAB4009704FF /* Build configuration list for PBXProject "popen_pclose" */ = {
			isa = XCConfigurationList;
			buildConfigurations = (
				A321A6C31CA3FAB4009704FF /* Debug */,
				A321A6C41CA3FAB4009704FF /* Release */,
			);
			defaultConfigurationIsVisible = 0;
			defaultConfigurationName = Release;
		};
		A321A6C51CA3FAB4009704FF /* Build configuration list for PBXNativeTarget "popen_pclose" */ = {
			isa = XCConfigurationList;
			buildConfigurations = (
				A321A6C61CA3FAB4009704FF /* Debug */,
				A321A6C71CA3FAB4009704FF /* Release */,
			);
			defaultConfigurationIsVisible = 0;
			defaultConfigurationName = Release;
		};
/* End XCConfigurationList section */
	};
	rootObject = A321A6B61CA3FAB4009704FF /* Project object */;
}
